{
    "version": 3,
    "terraform_version": "0.11.11",
    "serial": 1,
    "lineage": "2cfe56a6-5d31-a0a0-5199-380734eacccf",
    "modules": [
        {
            "path": [
                "root"
            ],
            "outputs": {},
            "resources": {
                "aws_key_pair.key": {
                    "type": "aws_key_pair",
                    "depends_on": [],
                    "primary": {
                        "id": "wilbur",
                        "attributes": {
                            "fingerprint": "c6:9f:d0:bd:30:fd:e5:0f:fe:2d:15:19:28:59:be:eb",
                            "id": "wilbur",
                            "key_name": "wilbur",
                            "public_key": "ssh-rsa AAAAB3NzaC1yc2EAAAADAQABAAABAQCw9dS1lHdcMTSOu2pYB5jmJz+v2FJ8FOEJgtXg/QbbTgeh/hlRyHyDP3Mstqul8J5LVrlrg/R6Wm/9W/X4WlLgraL08czgG1XIubbC88fX0gVAifkKU6qQggh1pWKEm4rbPJ35gwEdF+m6+tdmPmgDM4JQM0Doy2cI1gD71dINBHCXovcTEZiv/TwpcR2/THnr6y+09VP5TqHygDZRzbJuyD27/e07KZoEWJ691xZOZhLXQ/jC5/paJX1KYLAc2UtCZbiASl3Dwrj5e+pA277pxdhqcxVkgkVFFq1yU/I6mzJ7Kgdube8vgGKAQprF+R8AEQCKsvND4bauJMx8c1Kx"
                        },
                        "meta": {
                            "schema_version": "1"
                        },
                        "tainted": false
                    },
                    "deposed": [],
                    "provider": "provider.aws"
                }
            },
            "depends_on": []
        },
        {
            "path": [
                "root",
                "networking"
            ],
            "outputs": {
                "default_sg_id": {
                    "sensitive": false,
                    "type": "string",
                    "value": "sg-08dbab95361a83ee7"
                },
                "private_subnets_id": {
                    "sensitive": false,
                    "type": "list",
                    "value": [
                        "subnet-04a531cd040b1af7e",
                        "subnet-0e6d1717dd8592d6c"
                    ]
                },
                "public_subnets_id": {
                    "sensitive": false,
                    "type": "list",
                    "value": [
                        "subnet-003cd63bab2496cd2",
                        "subnet-06b23a06d8f72b9dd"
                    ]
                },
                "security_groups_ids": {
                    "sensitive": false,
                    "type": "list",
                    "value": [
                        "sg-08dbab95361a83ee7"
                    ]
                },
                "vpc_id": {
                    "sensitive": false,
                    "type": "string",
                    "value": "vpc-0421814273882f0a9"
                }
            },
            "resources": {
                "aws_eip.nat_eip": {
                    "type": "aws_eip",
                    "depends_on": [
                        "aws_internet_gateway.ig"
                    ],
                    "primary": {
                        "id": "eipalloc-0f3acd62fbc98baac",
                        "attributes": {
                            "association_id": "",
                            "domain": "vpc",
                            "id": "eipalloc-0f3acd62fbc98baac",
                            "instance": "",
                            "network_interface": "",
                            "private_ip": "",
                            "public_ip": "18.235.95.32",
                            "public_ipv4_pool": "amazon",
                            "tags.%": "0",
                            "vpc": "true"
                        },
                        "meta": {
                            "e2bfb730-ecaa-11e6-8f88-34363bc7c4c0": {
                                "delete": 180000000000,
                                "read": 900000000000,
                                "update": 300000000000
                            }
                        },
                        "tainted": false
                    },
                    "deposed": [],
                    "provider": "provider.aws"
                },
                "aws_internet_gateway.ig": {
                    "type": "aws_internet_gateway",
                    "depends_on": [
                        "aws_vpc.vpc"
                    ],
                    "primary": {
                        "id": "igw-07295d682d9e4c53e",
                        "attributes": {
                            "id": "igw-07295d682d9e4c53e",
                            "owner_id": "785584028315",
                            "tags.%": "2",
                            "tags.Environment": "production",
                            "tags.Name": "production-igw",
                            "vpc_id": "vpc-0421814273882f0a9"
                        },
                        "meta": {},
                        "tainted": false
                    },
                    "deposed": [],
                    "provider": "provider.aws"
                },
                "aws_nat_gateway.nat": {
                    "type": "aws_nat_gateway",
                    "depends_on": [
                        "aws_eip.nat_eip",
                        "aws_internet_gateway.ig",
                        "aws_subnet.public_subnet.*"
                    ],
                    "primary": {
                        "id": "nat-0baba52dc062df783",
                        "attributes": {
                            "allocation_id": "eipalloc-0f3acd62fbc98baac",
                            "id": "nat-0baba52dc062df783",
                            "network_interface_id": "eni-0b405fd4088512e78",
                            "private_ip": "10.0.1.244",
                            "public_ip": "18.235.95.32",
                            "subnet_id": "subnet-003cd63bab2496cd2",
                            "tags.%": "2",
                            "tags.Environment": "production",
                            "tags.Name": "production-us-east-1a-nat"
                        },
                        "meta": {},
                        "tainted": false
                    },
                    "deposed": [],
                    "provider": "provider.aws"
                },
                "aws_route.private_nat_gateway": {
                    "type": "aws_route",
                    "depends_on": [
                        "aws_nat_gateway.nat",
                        "aws_route_table.private"
                    ],
                    "primary": {
                        "id": "r-rtb-0cd1a91bbc3c53fed1080289494",
                        "attributes": {
                            "destination_cidr_block": "0.0.0.0/0",
                            "destination_prefix_list_id": "",
                            "egress_only_gateway_id": "",
                            "gateway_id": "",
                            "id": "r-rtb-0cd1a91bbc3c53fed1080289494",
                            "instance_id": "",
                            "instance_owner_id": "",
                            "nat_gateway_id": "nat-0baba52dc062df783",
                            "network_interface_id": "",
                            "origin": "CreateRoute",
                            "route_table_id": "rtb-0cd1a91bbc3c53fed",
                            "state": "active",
                            "transit_gateway_id": "",
                            "vpc_peering_connection_id": ""
                        },
                        "meta": {
                            "e2bfb730-ecaa-11e6-8f88-34363bc7c4c0": {
                                "create": 120000000000,
                                "delete": 300000000000
                            }
                        },
                        "tainted": false
                    },
                    "deposed": [],
                    "provider": "provider.aws"
                },
                "aws_route.public_internet_gateway": {
                    "type": "aws_route",
                    "depends_on": [
                        "aws_internet_gateway.ig",
                        "aws_route_table.public"
                    ],
                    "primary": {
                        "id": "r-rtb-024b5b45c454f0c031080289494",
                        "attributes": {
                            "destination_cidr_block": "0.0.0.0/0",
                            "destination_prefix_list_id": "",
                            "egress_only_gateway_id": "",
                            "gateway_id": "igw-07295d682d9e4c53e",
                            "id": "r-rtb-024b5b45c454f0c031080289494",
                            "instance_id": "",
                            "instance_owner_id": "",
                            "nat_gateway_id": "",
                            "network_interface_id": "",
                            "origin": "CreateRoute",
                            "route_table_id": "rtb-024b5b45c454f0c03",
                            "state": "active",
                            "transit_gateway_id": "",
                            "vpc_peering_connection_id": ""
                        },
                        "meta": {
                            "e2bfb730-ecaa-11e6-8f88-34363bc7c4c0": {
                                "create": 120000000000,
                                "delete": 300000000000
                            }
                        },
                        "tainted": false
                    },
                    "deposed": [],
                    "provider": "provider.aws"
                },
                "aws_route_table.private": {
                    "type": "aws_route_table",
                    "depends_on": [
                        "aws_vpc.vpc"
                    ],
                    "primary": {
                        "id": "rtb-0cd1a91bbc3c53fed",
                        "attributes": {
                            "id": "rtb-0cd1a91bbc3c53fed",
                            "owner_id": "785584028315",
                            "propagating_vgws.#": "0",
                            "route.#": "0",
                            "tags.%": "2",
                            "tags.Environment": "production",
                            "tags.Name": "production-private-route-table",
                            "vpc_id": "vpc-0421814273882f0a9"
                        },
                        "meta": {},
                        "tainted": false
                    },
                    "deposed": [],
                    "provider": "provider.aws"
                },
                "aws_route_table.public": {
                    "type": "aws_route_table",
                    "depends_on": [
                        "aws_vpc.vpc"
                    ],
                    "primary": {
                        "id": "rtb-024b5b45c454f0c03",
                        "attributes": {
                            "id": "rtb-024b5b45c454f0c03",
                            "owner_id": "785584028315",
                            "propagating_vgws.#": "0",
                            "route.#": "0",
                            "tags.%": "2",
                            "tags.Environment": "production",
                            "tags.Name": "production-public-route-table",
                            "vpc_id": "vpc-0421814273882f0a9"
                        },
                        "meta": {},
                        "tainted": false
                    },
                    "deposed": [],
                    "provider": "provider.aws"
                },
                "aws_route_table_association.private.0": {
                    "type": "aws_route_table_association",
                    "depends_on": [
                        "aws_route_table.private",
                        "aws_subnet.private_subnet.*"
                    ],
                    "primary": {
                        "id": "rtbassoc-08da14e9bbf3fb402",
                        "attributes": {
                            "id": "rtbassoc-08da14e9bbf3fb402",
                            "route_table_id": "rtb-0cd1a91bbc3c53fed",
                            "subnet_id": "subnet-04a531cd040b1af7e"
                        },
                        "meta": {},
                        "tainted": false
                    },
                    "deposed": [],
                    "provider": "provider.aws"
                },
                "aws_route_table_association.private.1": {
                    "type": "aws_route_table_association",
                    "depends_on": [
                        "aws_route_table.private",
                        "aws_subnet.private_subnet.*"
                    ],
                    "primary": {
                        "id": "rtbassoc-040f77316797b5a50",
                        "attributes": {
                            "id": "rtbassoc-040f77316797b5a50",
                            "route_table_id": "rtb-0cd1a91bbc3c53fed",
                            "subnet_id": "subnet-0e6d1717dd8592d6c"
                        },
                        "meta": {},
                        "tainted": false
                    },
                    "deposed": [],
                    "provider": "provider.aws"
                },
                "aws_route_table_association.public.0": {
                    "type": "aws_route_table_association",
                    "depends_on": [
                        "aws_route_table.public",
                        "aws_subnet.public_subnet.*"
                    ],
                    "primary": {
                        "id": "rtbassoc-0add2851170c9da3e",
                        "attributes": {
                            "id": "rtbassoc-0add2851170c9da3e",
                            "route_table_id": "rtb-024b5b45c454f0c03",
                            "subnet_id": "subnet-003cd63bab2496cd2"
                        },
                        "meta": {},
                        "tainted": false
                    },
                    "deposed": [],
                    "provider": "provider.aws"
                },
                "aws_route_table_association.public.1": {
                    "type": "aws_route_table_association",
                    "depends_on": [
                        "aws_route_table.public",
                        "aws_subnet.public_subnet.*"
                    ],
                    "primary": {
                        "id": "rtbassoc-08267959adaa09742",
                        "attributes": {
                            "id": "rtbassoc-08267959adaa09742",
                            "route_table_id": "rtb-024b5b45c454f0c03",
                            "subnet_id": "subnet-06b23a06d8f72b9dd"
                        },
                        "meta": {},
                        "tainted": false
                    },
                    "deposed": [],
                    "provider": "provider.aws"
                },
                "aws_security_group.default": {
                    "type": "aws_security_group",
                    "depends_on": [
                        "aws_vpc.vpc"
                    ],
                    "primary": {
                        "id": "sg-08dbab95361a83ee7",
                        "attributes": {
                            "arn": "arn:aws:ec2:us-east-1:785584028315:security-group/sg-08dbab95361a83ee7",
                            "description": "Default security group to allow inbound/outbound from the VPC",
                            "egress.#": "1",
                            "egress.753360330.cidr_blocks.#": "0",
                            "egress.753360330.description": "",
                            "egress.753360330.from_port": "0",
                            "egress.753360330.ipv6_cidr_blocks.#": "0",
                            "egress.753360330.prefix_list_ids.#": "0",
                            "egress.753360330.protocol": "-1",
                            "egress.753360330.security_groups.#": "0",
                            "egress.753360330.self": "true",
                            "egress.753360330.to_port": "0",
                            "id": "sg-08dbab95361a83ee7",
                            "ingress.#": "1",
                            "ingress.753360330.cidr_blocks.#": "0",
                            "ingress.753360330.description": "",
                            "ingress.753360330.from_port": "0",
                            "ingress.753360330.ipv6_cidr_blocks.#": "0",
                            "ingress.753360330.prefix_list_ids.#": "0",
                            "ingress.753360330.protocol": "-1",
                            "ingress.753360330.security_groups.#": "0",
                            "ingress.753360330.self": "true",
                            "ingress.753360330.to_port": "0",
                            "name": "production-default-sg",
                            "owner_id": "785584028315",
                            "revoke_rules_on_delete": "false",
                            "tags.%": "1",
                            "tags.Environment": "production",
                            "vpc_id": "vpc-0421814273882f0a9"
                        },
                        "meta": {
                            "e2bfb730-ecaa-11e6-8f88-34363bc7c4c0": {
                                "create": 600000000000,
                                "delete": 600000000000
                            },
                            "schema_version": "1"
                        },
                        "tainted": false
                    },
                    "deposed": [],
                    "provider": "provider.aws"
                },
                "aws_subnet.private_subnet.0": {
                    "type": "aws_subnet",
                    "depends_on": [
                        "aws_vpc.vpc"
                    ],
                    "primary": {
                        "id": "subnet-04a531cd040b1af7e",
                        "attributes": {
                            "arn": "arn:aws:ec2:us-east-1:785584028315:subnet/subnet-04a531cd040b1af7e",
                            "assign_ipv6_address_on_creation": "false",
                            "availability_zone": "us-east-1a",
                            "availability_zone_id": "use1-az2",
                            "cidr_block": "10.0.10.0/24",
                            "id": "subnet-04a531cd040b1af7e",
                            "ipv6_cidr_block": "",
                            "ipv6_cidr_block_association_id": "",
                            "map_public_ip_on_launch": "false",
                            "owner_id": "785584028315",
                            "tags.%": "2",
                            "tags.Environment": "production",
                            "tags.Name": "production-us-east-1a-private-subnet",
                            "vpc_id": "vpc-0421814273882f0a9"
                        },
                        "meta": {
                            "e2bfb730-ecaa-11e6-8f88-34363bc7c4c0": {
                                "create": 600000000000,
                                "delete": 600000000000
                            },
                            "schema_version": "1"
                        },
                        "tainted": false
                    },
                    "deposed": [],
                    "provider": "provider.aws"
                },
                "aws_subnet.private_subnet.1": {
                    "type": "aws_subnet",
                    "depends_on": [
                        "aws_vpc.vpc"
                    ],
                    "primary": {
                        "id": "subnet-0e6d1717dd8592d6c",
                        "attributes": {
                            "arn": "arn:aws:ec2:us-east-1:785584028315:subnet/subnet-0e6d1717dd8592d6c",
                            "assign_ipv6_address_on_creation": "false",
                            "availability_zone": "us-east-1b",
                            "availability_zone_id": "use1-az4",
                            "cidr_block": "10.0.20.0/24",
                            "id": "subnet-0e6d1717dd8592d6c",
                            "ipv6_cidr_block": "",
                            "ipv6_cidr_block_association_id": "",
                            "map_public_ip_on_launch": "false",
                            "owner_id": "785584028315",
                            "tags.%": "2",
                            "tags.Environment": "production",
                            "tags.Name": "production-us-east-1b-private-subnet",
                            "vpc_id": "vpc-0421814273882f0a9"
                        },
                        "meta": {
                            "e2bfb730-ecaa-11e6-8f88-34363bc7c4c0": {
                                "create": 600000000000,
                                "delete": 600000000000
                            },
                            "schema_version": "1"
                        },
                        "tainted": false
                    },
                    "deposed": [],
                    "provider": "provider.aws"
                },
                "aws_subnet.public_subnet.0": {
                    "type": "aws_subnet",
                    "depends_on": [
                        "aws_vpc.vpc"
                    ],
                    "primary": {
                        "id": "subnet-003cd63bab2496cd2",
                        "attributes": {
                            "arn": "arn:aws:ec2:us-east-1:785584028315:subnet/subnet-003cd63bab2496cd2",
                            "assign_ipv6_address_on_creation": "false",
                            "availability_zone": "us-east-1a",
                            "availability_zone_id": "use1-az2",
                            "cidr_block": "10.0.1.0/24",
                            "id": "subnet-003cd63bab2496cd2",
                            "ipv6_cidr_block": "",
                            "ipv6_cidr_block_association_id": "",
                            "map_public_ip_on_launch": "true",
                            "owner_id": "785584028315",
                            "tags.%": "2",
                            "tags.Environment": "production",
                            "tags.Name": "production-us-east-1a-public-subnet",
                            "vpc_id": "vpc-0421814273882f0a9"
                        },
                        "meta": {
                            "e2bfb730-ecaa-11e6-8f88-34363bc7c4c0": {
                                "create": 600000000000,
                                "delete": 600000000000
                            },
                            "schema_version": "1"
                        },
                        "tainted": false
                    },
                    "deposed": [],
                    "provider": "provider.aws"
                },
                "aws_subnet.public_subnet.1": {
                    "type": "aws_subnet",
                    "depends_on": [
                        "aws_vpc.vpc"
                    ],
                    "primary": {
                        "id": "subnet-06b23a06d8f72b9dd",
                        "attributes": {
                            "arn": "arn:aws:ec2:us-east-1:785584028315:subnet/subnet-06b23a06d8f72b9dd",
                            "assign_ipv6_address_on_creation": "false",
                            "availability_zone": "us-east-1b",
                            "availability_zone_id": "use1-az4",
                            "cidr_block": "10.0.2.0/24",
                            "id": "subnet-06b23a06d8f72b9dd",
                            "ipv6_cidr_block": "",
                            "ipv6_cidr_block_association_id": "",
                            "map_public_ip_on_launch": "true",
                            "owner_id": "785584028315",
                            "tags.%": "2",
                            "tags.Environment": "production",
                            "tags.Name": "production-us-east-1b-public-subnet",
                            "vpc_id": "vpc-0421814273882f0a9"
                        },
                        "meta": {
                            "e2bfb730-ecaa-11e6-8f88-34363bc7c4c0": {
                                "create": 600000000000,
                                "delete": 600000000000
                            },
                            "schema_version": "1"
                        },
                        "tainted": false
                    },
                    "deposed": [],
                    "provider": "provider.aws"
                },
                "aws_vpc.vpc": {
                    "type": "aws_vpc",
                    "depends_on": [],
                    "primary": {
                        "id": "vpc-0421814273882f0a9",
                        "attributes": {
                            "arn": "arn:aws:ec2:us-east-1:785584028315:vpc/vpc-0421814273882f0a9",
                            "assign_generated_ipv6_cidr_block": "false",
                            "cidr_block": "10.0.0.0/16",
                            "default_network_acl_id": "acl-047bb1a98b76043d8",
                            "default_route_table_id": "rtb-0407bc250bada306b",
                            "default_security_group_id": "sg-038958c7d9fcab059",
                            "dhcp_options_id": "dopt-9f54b6fa",
                            "enable_classiclink": "false",
                            "enable_classiclink_dns_support": "false",
                            "enable_dns_hostnames": "true",
                            "enable_dns_support": "true",
                            "id": "vpc-0421814273882f0a9",
                            "instance_tenancy": "default",
                            "ipv6_association_id": "",
                            "ipv6_cidr_block": "",
                            "main_route_table_id": "rtb-0407bc250bada306b",
                            "owner_id": "785584028315",
                            "tags.%": "2",
                            "tags.Environment": "production",
                            "tags.Name": "production-vpc"
                        },
                        "meta": {
                            "schema_version": "1"
                        },
                        "tainted": false
                    },
                    "deposed": [],
                    "provider": "provider.aws"
                }
            },
            "depends_on": []
        },
        {
            "path": [
                "root",
                "rds"
            ],
            "outputs": {
                "db_access_sg_id": {
                    "sensitive": false,
                    "type": "string",
                    "value": "sg-0e368f08be8797f59"
                }
            },
            "resources": {
                "aws_db_subnet_group.rds_subnet_group": {
                    "type": "aws_db_subnet_group",
                    "depends_on": [],
                    "primary": {
                        "id": "production-rds-subnet-group",
                        "attributes": {
                            "arn": "arn:aws:rds:us-east-1:785584028315:subgrp:production-rds-subnet-group",
                            "description": "RDS subnet group",
                            "id": "production-rds-subnet-group",
                            "name": "production-rds-subnet-group",
                            "subnet_ids.#": "2",
                            "subnet_ids.2151834758": "subnet-0e6d1717dd8592d6c",
                            "subnet_ids.4139223990": "subnet-04a531cd040b1af7e",
                            "tags.%": "1",
                            "tags.Environment": "production"
                        },
                        "meta": {},
                        "tainted": false
                    },
                    "deposed": [],
                    "provider": "provider.aws"
                },
                "aws_security_group.db_access_sg": {
                    "type": "aws_security_group",
                    "depends_on": [],
                    "primary": {
                        "id": "sg-0e368f08be8797f59",
                        "attributes": {
                            "arn": "arn:aws:ec2:us-east-1:785584028315:security-group/sg-0e368f08be8797f59",
                            "description": "Allow access to RDS",
                            "egress.#": "0",
                            "id": "sg-0e368f08be8797f59",
                            "ingress.#": "0",
                            "name": "production-db-access-sg",
                            "owner_id": "785584028315",
                            "revoke_rules_on_delete": "false",
                            "tags.%": "2",
                            "tags.Environment": "production",
                            "tags.Name": "production-db-access-sg",
                            "vpc_id": "vpc-0421814273882f0a9"
                        },
                        "meta": {
                            "e2bfb730-ecaa-11e6-8f88-34363bc7c4c0": {
                                "create": 600000000000,
                                "delete": 600000000000
                            },
                            "schema_version": "1"
                        },
                        "tainted": false
                    },
                    "deposed": [],
                    "provider": "provider.aws"
                },
                "aws_security_group.rds_sg": {
                    "type": "aws_security_group",
                    "depends_on": [
                        "aws_security_group.db_access_sg"
                    ],
                    "primary": {
                        "id": "sg-0cc143d576d91da5d",
                        "attributes": {
                            "arn": "arn:aws:ec2:us-east-1:785584028315:security-group/sg-0cc143d576d91da5d",
                            "description": "production Security Group",
                            "egress.#": "1",
                            "egress.482069346.cidr_blocks.#": "1",
                            "egress.482069346.cidr_blocks.0": "0.0.0.0/0",
                            "egress.482069346.description": "",
                            "egress.482069346.from_port": "0",
                            "egress.482069346.ipv6_cidr_blocks.#": "0",
                            "egress.482069346.prefix_list_ids.#": "0",
                            "egress.482069346.protocol": "-1",
                            "egress.482069346.security_groups.#": "0",
                            "egress.482069346.self": "false",
                            "egress.482069346.to_port": "0",
                            "id": "sg-0cc143d576d91da5d",
                            "ingress.#": "2",
                            "ingress.2785288170.cidr_blocks.#": "0",
                            "ingress.2785288170.description": "",
                            "ingress.2785288170.from_port": "5432",
                            "ingress.2785288170.ipv6_cidr_blocks.#": "0",
                            "ingress.2785288170.prefix_list_ids.#": "0",
                            "ingress.2785288170.protocol": "tcp",
                            "ingress.2785288170.security_groups.#": "1",
                            "ingress.2785288170.security_groups.3310392843": "sg-0e368f08be8797f59",
                            "ingress.2785288170.self": "false",
                            "ingress.2785288170.to_port": "5432",
                            "ingress.753360330.cidr_blocks.#": "0",
                            "ingress.753360330.description": "",
                            "ingress.753360330.from_port": "0",
                            "ingress.753360330.ipv6_cidr_blocks.#": "0",
                            "ingress.753360330.prefix_list_ids.#": "0",
                            "ingress.753360330.protocol": "-1",
                            "ingress.753360330.security_groups.#": "0",
                            "ingress.753360330.self": "true",
                            "ingress.753360330.to_port": "0",
                            "name": "production-rds-sg",
                            "owner_id": "785584028315",
                            "revoke_rules_on_delete": "false",
                            "tags.%": "2",
                            "tags.Environment": "production",
                            "tags.Name": "production-rds-sg",
                            "vpc_id": "vpc-0421814273882f0a9"
                        },
                        "meta": {
                            "e2bfb730-ecaa-11e6-8f88-34363bc7c4c0": {
                                "create": 600000000000,
                                "delete": 600000000000
                            },
                            "schema_version": "1"
                        },
                        "tainted": false
                    },
                    "deposed": [],
                    "provider": "provider.aws"
                }
            },
            "depends_on": []
        }
    ]
}
